
Microsoft Visual Studio Solution File, Format Version 12.00
# Visual Studio Version 17
VisualStudioVersion = 17.14.37012.4 d17.14
MinimumVisualStudioVersion = 10.0.40219.1
Project("{FAE04EC0-301F-11D3-BF4B-00C04F79EFBC}") = "CRUDMahasiswaADO", "CRUDMahasiswaADO\CRUDMahasiswaADO.csproj", "{FA25F282-9B33-413C-B853-907C7145461C}"
EndProject
Global
	GlobalSection(SolutionConfigurationPlatforms) = preSolution
		Debug|Any CPU = Debug|Any CPU
		Release|Any CPU = Release|Any CPU
	EndGlobalSection
	GlobalSection(ProjectConfigurationPlatforms) = postSolution
		{FA25F282-9B33-413C-B853-907C7145461C}.Debug|Any CPU.ActiveCfg = Debug|Any CPU
		{FA25F282-9B33-413C-B853-907C7145461C}.Debug|Any CPU.Build.0 = Debug|Any CPU
		{FA25F282-9B33-413C-B853-907C7145461C}.Release|Any CPU.ActiveCfg = Release|Any CPU
		{FA25F282-9B33-413C-B853-907C7145461C}.Release|Any CPU.Build.0 = Release|Any CPU
	EndGlobalSection
	GlobalSection(SolutionProperties) = preSolution
		HideSolutionNode = FALSE
	EndGlobalSection
	GlobalSection(ExtensibilityGlobals) = postSolution
		SolutionGuid = {32EC0A97-49A3-40F5-A2FD-7AEB338D9EDA}
	EndGlobalSection
EndGlobal
